
Microsoft Visual Studio Solution File, Format Version 12.00
# Visual Studio Version 17
VisualStudioVersion = 17.5.2.0
MinimumVisualStudioVersion = 10.0.40219.1
Project("{FAE04EC0-301F-11D3-BF4B-00C04F79EFBC}") = "Backend", "Backend\Backend.csproj", "{B5CEE1AB-68C5-FCEC-EA61-653FFB609ED2}"
EndProject
Project("{FAE04EC0-301F-11D3-BF4B-00C04F79EFBC}") = "Backend.Test.Unit", "Backend.Test.Unit\Backend.Test.Unit.csproj", "{BF81DB73-1C3E-4636-958B-EA5A48C5CE0E}"
EndProject
Project("{FAE04EC0-301F-11D3-BF4B-00C04F79EFBC}") = "Backend.Test.Integration", "Backend.Test.Integration\Backend.Test.Integration.csproj", "{95BDB934-B4F4-45D8-8902-669ECACA11E0}"
EndProject
Project("{FAE04EC0-301F-11D3-BF4B-00C04F79EFBC}") = "Backend.Test.E2E", "Backend.Test.E2E\Backend.Test.E2E.csproj", "{86C00C1E-0BAC-4539-B828-E749CF402DCF}"
EndProject
Project("{FAE04EC0-301F-11D3-BF4B-00C04F79EFBC}") = "Data", "Data\Data.csproj", "{AE8E2E54-CA0B-F6F5-0102-F79722AD1421}"
EndProject
Global
	GlobalSection(SolutionConfigurationPlatforms) = preSolution
		Debug|Any CPU = Debug|Any CPU
		Debug|x64 = Debug|x64
		Debug|x86 = Debug|x86
		Release|Any CPU = Release|Any CPU
		Release|x64 = Release|x64
		Release|x86 = Release|x86
	EndGlobalSection
	GlobalSection(ProjectConfigurationPlatforms) = postSolution
		{B5CEE1AB-68C5-FCEC-EA61-653FFB609ED2}.Debug|Any CPU.ActiveCfg = Debug|Any CPU
		{B5CEE1AB-68C5-FCEC-EA61-653FFB609ED2}.Debug|Any CPU.Build.0 = Debug|Any CPU
		{B5CEE1AB-68C5-FCEC-EA61-653FFB609ED2}.Debug|x64.ActiveCfg = Debug|Any CPU
		{B5CEE1AB-68C5-FCEC-EA61-653FFB609ED2}.Debug|x64.Build.0 = Debug|Any CPU
		{B5CEE1AB-68C5-FCEC-EA61-653FFB609ED2}.Debug|x86.ActiveCfg = Debug|Any CPU
		{B5CEE1AB-68C5-FCEC-EA61-653FFB609ED2}.Debug|x86.Build.0 = Debug|Any CPU
		{B5CEE1AB-68C5-FCEC-EA61-653FFB609ED2}.Release|Any CPU.ActiveCfg = Release|Any CPU
		{B5CEE1AB-68C5-FCEC-EA61-653FFB609ED2}.Release|Any CPU.Build.0 = Release|Any CPU
		{B5CEE1AB-68C5-FCEC-EA61-653FFB609ED2}.Release|x64.ActiveCfg = Release|Any CPU
		{B5CEE1AB-68C5-FCEC-EA61-653FFB609ED2}.Release|x64.Build.0 = Release|Any CPU
		{B5CEE1AB-68C5-FCEC-EA61-653FFB609ED2}.Release|x86.ActiveCfg = Release|Any CPU
		{B5CEE1AB-68C5-FCEC-EA61-653FFB609ED2}.Release|x86.Build.0 = Release|Any CPU
		{BF81DB73-1C3E-4636-958B-EA5A48C5CE0E}.Debug|Any CPU.ActiveCfg = Debug|Any CPU
		{BF81DB73-1C3E-4636-958B-EA5A48C5CE0E}.Debug|Any CPU.Build.0 = Debug|Any CPU
		{BF81DB73-1C3E-4636-958B-EA5A48C5CE0E}.Debug|x64.ActiveCfg = Debug|Any CPU
		{BF81DB73-1C3E-4636-958B-EA5A48C5CE0E}.Debug|x64.Build.0 = Debug|Any CPU
		{BF81DB73-1C3E-4636-958B-EA5A48C5CE0E}.Debug|x86.ActiveCfg = Debug|Any CPU
		{BF81DB73-1C3E-4636-958B-EA5A48C5CE0E}.Debug|x86.Build.0 = Debug|Any CPU
		{BF81DB73-1C3E-4636-958B-EA5A48C5CE0E}.Release|Any CPU.ActiveCfg = Release|Any CPU
		{BF81DB73-1C3E-4636-958B-EA5A48C5CE0E}.Release|Any CPU.Build.0 = Release|Any CPU
		{BF81DB73-1C3E-4636-958B-EA5A48C5CE0E}.Release|x64.ActiveCfg = Release|Any CPU
		{BF81DB73-1C3E-4636-958B-EA5A48C5CE0E}.Release|x64.Build.0 = Release|Any CPU
		{BF81DB73-1C3E-4636-958B-EA5A48C5CE0E}.Release|x86.ActiveCfg = Release|Any CPU
		{BF81DB73-1C3E-4636-958B-EA5A48C5CE0E}.Release|x86.Build.0 = Release|Any CPU
		{95BDB934-B4F4-45D8-8902-669ECACA11E0}.Debug|Any CPU.ActiveCfg = Debug|Any CPU
		{95BDB934-B4F4-45D8-8902-669ECACA11E0}.Debug|Any CPU.Build.0 = Debug|Any CPU
		{95BDB934-B4F4-45D8-8902-669ECACA11E0}.Debug|x64.ActiveCfg = Debug|Any CPU
		{95BDB934-B4F4-45D8-8902-669ECACA11E0}.Debug|x64.Build.0 = Debug|Any CPU
		{95BDB934-B4F4-45D8-8902-669ECACA11E0}.Debug|x86.ActiveCfg = Debug|Any CPU
		{95BDB934-B4F4-45D8-8902-669ECACA11E0}.Debug|x86.Build.0 = Debug|Any CPU
		{95BDB934-B4F4-45D8-8902-669ECACA11E0}.Release|Any CPU.ActiveCfg = Release|Any CPU
		{95BDB934-B4F4-45D8-8902-669ECACA11E0}.Release|Any CPU.Build.0 = Release|Any CPU
		{95BDB934-B4F4-45D8-8902-669ECACA11E0}.Release|x64.ActiveCfg = Release|Any CPU
		{95BDB934-B4F4-45D8-8902-669ECACA11E0}.Release|x64.Build.0 = Release|Any CPU
		{95BDB934-B4F4-45D8-8902-669ECACA11E0}.Release|x86.ActiveCfg = Release|Any CPU
		{95BDB934-B4F4-45D8-8902-669ECACA11E0}.Release|x86.Build.0 = Release|Any CPU
		{86C00C1E-0BAC-4539-B828-E749CF402DCF}.Debug|Any CPU.ActiveCfg = Debug|Any CPU
		{86C00C1E-0BAC-4539-B828-E749CF402DCF}.Debug|Any CPU.Build.0 = Debug|Any CPU
		{86C00C1E-0BAC-4539-B828-E749CF402DCF}.Debug|x64.ActiveCfg = Debug|Any CPU
		{86C00C1E-0BAC-4539-B828-E749CF402DCF}.Debug|x64.Build.0 = Debug|Any CPU
		{86C00C1E-0BAC-4539-B828-E749CF402DCF}.Debug|x86.ActiveCfg = Debug|Any CPU
		{86C00C1E-0BAC-4539-B828-E749CF402DCF}.Debug|x86.Build.0 = Debug|Any CPU
		{86C00C1E-0BAC-4539-B828-E749CF402DCF}.Release|Any CPU.ActiveCfg = Release|Any CPU
		{86C00C1E-0BAC-4539-B828-E749CF402DCF}.Release|Any CPU.Build.0 = Release|Any CPU
		{86C00C1E-0BAC-4539-B828-E749CF402DCF}.Release|x64.ActiveCfg = Release|Any CPU
		{86C00C1E-0BAC-4539-B828-E749CF402DCF}.Release|x64.Build.0 = Release|Any CPU
		{86C00C1E-0BAC-4539-B828-E749CF402DCF}.Release|x86.ActiveCfg = Release|Any CPU
		{86C00C1E-0BAC-4539-B828-E749CF402DCF}.Release|x86.Build.0 = Release|Any CPU
		{AE8E2E54-CA0B-F6F5-0102-F79722AD1421}.Debug|Any CPU.ActiveCfg = Debug|Any CPU
		{AE8E2E54-CA0B-F6F5-0102-F79722AD1421}.Debug|Any CPU.Build.0 = Debug|Any CPU
		{AE8E2E54-CA0B-F6F5-0102-F79722AD1421}.Debug|x64.ActiveCfg = Debug|Any CPU
		{AE8E2E54-CA0B-F6F5-0102-F79722AD1421}.Debug|x64.Build.0 = Debug|Any CPU
		{AE8E2E54-CA0B-F6F5-0102-F79722AD1421}.Debug|x86.ActiveCfg = Debug|Any CPU
		{AE8E2E54-CA0B-F6F5-0102-F79722AD1421}.Debug|x86.Build.0 = Debug|Any CPU
		{AE8E2E54-CA0B-F6F5-0102-F79722AD1421}.Release|Any CPU.ActiveCfg = Release|Any CPU
		{AE8E2E54-CA0B-F6F5-0102-F79722AD1421}.Release|Any CPU.Build.0 = Release|Any CPU
		{AE8E2E54-CA0B-F6F5-0102-F79722AD1421}.Release|x64.ActiveCfg = Release|Any CPU
		{AE8E2E54-CA0B-F6F5-0102-F79722AD1421}.Release|x64.Build.0 = Release|Any CPU
		{AE8E2E54-CA0B-F6F5-0102-F79722AD1421}.Release|x86.ActiveCfg = Release|Any CPU
		{AE8E2E54-CA0B-F6F5-0102-F79722AD1421}.Release|x86.Build.0 = Release|Any CPU
	EndGlobalSection
	GlobalSection(SolutionProperties) = preSolution
		HideSolutionNode = FALSE
	EndGlobalSection
	GlobalSection(ExtensibilityGlobals) = postSolution
		SolutionGuid = {DFD0FC76-4848-43D3-99BB-52A6A3326FCB}
	EndGlobalSection
EndGlobal
